{
  "name": "remote",
  "version": "1.0.0",
  "lockfileVersion": 3,
  "requires": true,
  "packages": {
    "": {
      "name": "remote",
      "version": "1.0.0",
      "license": "ISC",
      "dependencies": {
        "@procot/webostv": "^1.2.6",
        "webos": "^3.0.1"
      }
    },
    "node_modules/@procot/webostv": {
      "version": "1.2.6",
      "resolved": "https://registry.npmjs.org/@procot/webostv/-/webostv-1.2.6.tgz",
      "integrity": "sha512-YxDv18btYFdjxGptbRm4q5AU/sFbhB+CMwumUTqRnQ8cW0xh2H6Y2dF3cajmb7rWczWVb/Bj7V9L5mEEE1Wq4w==",
      "license": "ISC"
    },
    "node_modules/options": {
      "version": "0.0.6",
      "resolved": "https://registry.npmjs.org/options/-/options-0.0.6.tgz",
      "integrity": "sha512-bOj3L1ypm++N+n7CEbbe473A414AB7z+amKYshRb//iuL3MpdDCLhPnw6aVTdKB9g5ZRVHIEp8eUln6L2NUStg==",
      "engines": {
        "node": ">=0.4.0"
      }
    },
    "node_modules/ultron": {
      "version": "1.0.2",
      "resolved": "https://registry.npmjs.org/ultron/-/ultron-1.0.2.tgz",
      "integrity": "sha512-QMpnpVtYaWEeY+MwKDN/UdKlE/LsFZXM5lO1u7GaZzNgmIbGixHEmVMIKT+vqYOALu3m5GYQy9kz4Xu4IVn7Ow==",
      "license": "MIT"
    },
    "node_modules/webos": {
      "version": "3.0.1",
      "resolved": "https://registry.npmjs.org/webos/-/webos-3.0.1.tgz",
      "integrity": "sha512-TJjQX/cnbyKn4XpEt6vTLWlz7MyTyq0NMqV05p1Eb0k7wOfhdbOThD3GJhmSQdLDzUWrhxNv1QKhO24Ov+Lx2A==",
      "license": "Creative Commons Attribution-NonCommercial-ShareAlike 4.0 International",
      "dependencies": {
        "ws": "^1.0.1"
      }
    },
    "node_modules/ws": {
      "version": "1.1.5",
      "resolved": "https://registry.npmjs.org/ws/-/ws-1.1.5.tgz",
      "integrity": "sha512-o3KqipXNUdS7wpQzBHSe180lBGO60SoK0yVo3CYJgb2MkobuWuBX6dhkYP5ORCLd55y+SaflMOV5fqAB53ux4w==",
      "license": "MIT",
      "dependencies": {
        "options": ">=0.0.5",
        "ultron": "1.0.x"
      }
    }
  }
}
